
Microsoft Visual Studio Solution File, Format Version 12.00
# Visual Studio Version 16
VisualStudioVersion = 16.0.29326.143
MinimumVisualStudioVersion = 10.0.40219.1
Project("{FAE04EC0-301F-11D3-BF4B-00C04F79EFBC}") = "ClassConversions", "ClassConversions.csproj", "{A05B1472-E21E-4719-A841-AC5395AA8C15}"
EndProject
Global
	GlobalSection(SolutionConfigurationPlatforms) = preSolution
		Debug|Any CPU = Debug|Any CPU
		Release|Any CPU = Release|Any CPU
	EndGlobalSection
	GlobalSection(ProjectConfigurationPlatforms) = postSolution
		{A05B1472-E21E-4719-A841-AC5395AA8C15}.Debug|Any CPU.ActiveCfg = Debug|Any CPU
		{A05B1472-E21E-4719-A841-AC5395AA8C15}.Debug|Any CPU.Build.0 = Debug|Any CPU
		{A05B1472-E21E-4719-A841-AC5395AA8C15}.Release|Any CPU.ActiveCfg = Release|Any CPU
		{A05B1472-E21E-4719-A841-AC5395AA8C15}.Release|Any CPU.Build.0 = Release|Any CPU
	EndGlobalSection
	GlobalSection(SolutionProperties) = preSolution
		HideSolutionNode = FALSE
	EndGlobalSection
	GlobalSection(ExtensibilityGlobals) = postSolution
		SolutionGuid = {9464AD72-08C4-406B-A159-F880CD358D5E}
	EndGlobalSection
EndGlobal
